{
  "version": 4,
  "terraform_version": "1.1.7",
  "serial": 83,
  "lineage": "15ad546c-1596-5dda-ad69-7a38f4b802ad",
  "outputs": {},
  "resources": [
    {
      "mode": "data",
      "type": "aws_ami",
      "name": "bionic",
      "provider": "provider[\"registry.terraform.io/hashicorp/aws\"]",
      "instances": [
        {
          "schema_version": 0,
          "attributes": {
            "architecture": "x86_64",
            "arn": "arn:aws:ec2:us-west-1::image/ami-0519cce8bb5c1229c",
            "block_device_mappings": [
              {
                "device_name": "/dev/sda1",
                "ebs": {
                  "delete_on_termination": "true",
                  "encrypted": "false",
                  "iops": "0",
                  "snapshot_id": "snap-0d49a8afef05721fe",
                  "throughput": "0",
                  "volume_size": "8",
                  "volume_type": "gp2"
                },
                "no_device": "",
                "virtual_name": ""
              },
              {
                "device_name": "/dev/sdb",
                "ebs": {},
                "no_device": "",
                "virtual_name": "ephemeral0"
              },
              {
                "device_name": "/dev/sdc",
                "ebs": {},
                "no_device": "",
                "virtual_name": "ephemeral1"
              }
            ],
            "boot_mode": "",
            "creation_date": "2022-03-09T04:00:14.000Z",
            "description": "Canonical, Ubuntu, 18.04 LTS, amd64 bionic image build on 2022-03-08",
            "ena_support": true,
            "executable_users": null,
            "filter": [
              {
                "name": "image-id",
                "values": [
                  "ami-0519cce8bb5c1229c"
                ]
              }
            ],
            "hypervisor": "xen",
            "id": "ami-0519cce8bb5c1229c",
            "image_id": "ami-0519cce8bb5c1229c",
            "image_location": "099720109477/ubuntu/images/hvm-ssd/ubuntu-bionic-18.04-amd64-server-20220308",
            "image_owner_alias": null,
            "image_type": "machine",
            "kernel_id": null,
            "most_recent": true,
            "name": "ubuntu/images/hvm-ssd/ubuntu-bionic-18.04-amd64-server-20220308",
            "name_regex": null,
            "owner_id": "099720109477",
            "owners": [
              "099720109477"
            ],
            "platform": null,
            "platform_details": "Linux/UNIX",
            "product_codes": [],
            "public": true,
            "ramdisk_id": null,
            "root_device_name": "/dev/sda1",
            "root_device_type": "ebs",
            "root_snapshot_id": "snap-0d49a8afef05721fe",
            "sriov_net_support": "simple",
            "state": "available",
            "state_reason": {
              "code": "UNSET",
              "message": "UNSET"
            },
            "tags": {},
            "usage_operation": "RunInstances",
            "virtualization_type": "hvm"
          },
          "sensitive_attributes": []
        }
      ]
    },
    {
      "mode": "managed",
      "type": "aws_eip",
      "name": "nat",
      "provider": "provider[\"registry.terraform.io/hashicorp/aws\"]",
      "instances": [
        {
          "schema_version": 0,
          "attributes": {
            "address": null,
            "allocation_id": "eipalloc-020c6118578591911",
            "associate_with_private_ip": null,
            "association_id": "eipassoc-026922e1cd6c5e136",
            "carrier_ip": "",
            "customer_owned_ip": "",
            "customer_owned_ipv4_pool": "",
            "domain": "vpc",
            "id": "eipalloc-020c6118578591911",
            "instance": "",
            "network_border_group": "us-west-1",
            "network_interface": "eni-01469f6696d6ca5a3",
            "private_dns": "ip-10-0-0-198.us-west-1.compute.internal",
            "private_ip": "10.0.0.198",
            "public_dns": "ec2-54-241-4-39.us-west-1.compute.amazonaws.com",
            "public_ip": "54.241.4.39",
            "public_ipv4_pool": "amazon",
            "tags": {},
            "tags_all": {},
            "timeouts": null,
            "vpc": true
          },
          "sensitive_attributes": [],
          "private": "eyJlMmJmYjczMC1lY2FhLTExZTYtOGY4OC0zNDM2M2JjN2M0YzAiOnsiZGVsZXRlIjoxODAwMDAwMDAwMDAsInJlYWQiOjkwMDAwMDAwMDAwMCwidXBkYXRlIjozMDAwMDAwMDAwMDB9fQ=="
        }
      ]
    },
    {
      "mode": "managed",
      "type": "aws_instance",
      "name": "web_server",
      "provider": "provider[\"registry.terraform.io/hashicorp/aws\"]",
      "instances": [
        {
          "schema_version": 1,
          "attributes": {
            "ami": "ami-0519cce8bb5c1229c",
            "arn": "arn:aws:ec2:us-west-1:724734809705:instance/i-08db13d0ee0097099",
            "associate_public_ip_address": true,
            "availability_zone": "us-west-1a",
            "capacity_reservation_specification": [
              {
                "capacity_reservation_preference": "open",
                "capacity_reservation_target": []
              }
            ],
            "cpu_core_count": 1,
            "cpu_threads_per_core": 1,
            "credit_specification": [
              {
                "cpu_credits": "standard"
              }
            ],
            "disable_api_termination": false,
            "ebs_block_device": [],
            "ebs_optimized": false,
            "enclave_options": [
              {
                "enabled": false
              }
            ],
            "ephemeral_block_device": [],
            "get_password_data": false,
            "hibernation": false,
            "host_id": null,
            "iam_instance_profile": "",
            "id": "i-08db13d0ee0097099",
            "instance_initiated_shutdown_behavior": "stop",
            "instance_state": "running",
            "instance_type": "t2.micro",
            "ipv6_address_count": 0,
            "ipv6_addresses": [],
            "key_name": "ssh-key",
            "launch_template": [],
            "metadata_options": [
              {
                "http_endpoint": "enabled",
                "http_put_response_hop_limit": 1,
                "http_tokens": "optional",
                "instance_metadata_tags": "disabled"
              }
            ],
            "monitoring": false,
            "network_interface": [],
            "outpost_arn": "",
            "password_data": "",
            "placement_group": "",
            "placement_partition_number": null,
            "primary_network_interface_id": "eni-06077655110d0f076",
            "private_dns": "ip-10-0-0-174.us-west-1.compute.internal",
            "private_ip": "10.0.0.174",
            "public_dns": "ec2-54-215-70-160.us-west-1.compute.amazonaws.com",
            "public_ip": "54.215.70.160",
            "root_block_device": [
              {
                "delete_on_termination": true,
                "device_name": "/dev/sda1",
                "encrypted": false,
                "iops": 100,
                "kms_key_id": "",
                "tags": {},
                "throughput": 0,
                "volume_id": "vol-092a5d89224259f48",
                "volume_size": 8,
                "volume_type": "gp2"
              }
            ],
            "secondary_private_ips": [],
            "security_groups": [
              "sg-0aa4610e2a4bac6a4"
            ],
            "source_dest_check": true,
            "subnet_id": "subnet-0497d5c256111537c",
            "tags": null,
            "tags_all": {},
            "tenancy": "default",
            "timeouts": null,
            "user_data": null,
            "user_data_base64": null,
            "volume_tags": null,
            "vpc_security_group_ids": [
              "sg-0aa4610e2a4bac6a4"
            ]
          },
          "sensitive_attributes": [],
          "private": "eyJlMmJmYjczMC1lY2FhLTExZTYtOGY4OC0zNDM2M2JjN2M0YzAiOnsiY3JlYXRlIjo2MDAwMDAwMDAwMDAsImRlbGV0ZSI6MTIwMDAwMDAwMDAwMCwidXBkYXRlIjo2MDAwMDAwMDAwMDB9LCJzY2hlbWFfdmVyc2lvbiI6IjEifQ==",
          "dependencies": [
            "aws_key_pair.key_pair",
            "aws_security_group.web_server_sec",
            "aws_subnet.public",
            "data.aws_ami.bionic"
          ]
        }
      ]
    },
    {
      "mode": "managed",
      "type": "aws_internet_gateway",
      "name": "ig",
      "provider": "provider[\"registry.terraform.io/hashicorp/aws\"]",
      "instances": [
        {
          "schema_version": 0,
          "attributes": {
            "arn": "arn:aws:ec2:us-west-1:724734809705:internet-gateway/igw-066df445ae80ec62c",
            "id": "igw-066df445ae80ec62c",
            "owner_id": "724734809705",
            "tags": {},
            "tags_all": {},
            "vpc_id": "vpc-06eaac0de8e4df25f"
          },
          "sensitive_attributes": [],
          "private": "bnVsbA==",
          "dependencies": [
            "aws_vpc.main"
          ]
        }
      ]
    },
    {
      "mode": "managed",
      "type": "aws_key_pair",
      "name": "key_pair",
      "provider": "provider[\"registry.terraform.io/hashicorp/aws\"]",
      "instances": [
        {
          "schema_version": 1,
          "attributes": {
            "arn": "arn:aws:ec2:us-west-1:724734809705:key-pair/ssh-key",
            "fingerprint": "a9:9f:b4:25:96:f9:68:92:83:9e:b6:bf:8e:4b:df:7e",
            "id": "ssh-key",
            "key_name": "ssh-key",
            "key_name_prefix": "",
            "key_pair_id": "key-03f58a08a660dd1af",
            "public_key": "ssh-rsa AAAAB3NzaC1yc2EAAAADAQABAAABAQC0OeYp+I26y1Xs87c5Z7QZgwYITMB2WBCnCCzsMQfZs4QiORe70MJjW217uQiRik5nLGbbzIPhxvTmSazVp1S5UwjZf0O3X5q6SEOlqO+PWnyAZKr17C00lxjGomAEqQEc6jL1SSqjM7jwCPR4Wt3PgiajeOBasL3o6af4Y6ZPQqLgBHcMgoNOAIyqcDlHFlj70b0O9lQy3xiQoKVTmsoReVtVn2QWEn3mOr6uIqkhqf3I3ehiXGTmAeJHv7/yBYosIkT3r6kyatULGKLkk4y/G0qCDPQoFnsW/pfW8GBxRi4CAudlbwYZnenT/sE4/skZtehBE7io4cdHkKbr8vcH",
            "tags": {},
            "tags_all": {}
          },
          "sensitive_attributes": [],
          "private": "eyJzY2hlbWFfdmVyc2lvbiI6IjEifQ==",
          "dependencies": [
            "tls_private_key.key"
          ]
        }
      ]
    },
    {
      "mode": "managed",
      "type": "aws_nat_gateway",
      "name": "nat",
      "provider": "provider[\"registry.terraform.io/hashicorp/aws\"]",
      "instances": [
        {
          "schema_version": 0,
          "attributes": {
            "allocation_id": "eipalloc-020c6118578591911",
            "connectivity_type": "public",
            "id": "nat-02ff069679d240f2b",
            "network_interface_id": "eni-01469f6696d6ca5a3",
            "private_ip": "10.0.0.198",
            "public_ip": "54.241.4.39",
            "subnet_id": "subnet-0497d5c256111537c",
            "tags": {},
            "tags_all": {}
          },
          "sensitive_attributes": [],
          "private": "bnVsbA==",
          "dependencies": [
            "aws_eip.nat",
            "aws_internet_gateway.ig",
            "aws_subnet.public",
            "aws_vpc.main"
          ]
        }
      ]
    },
    {
      "mode": "managed",
      "type": "aws_route",
      "name": "public_internet_access",
      "provider": "provider[\"registry.terraform.io/hashicorp/aws\"]",
      "instances": [
        {
          "schema_version": 0,
          "attributes": {
            "carrier_gateway_id": "",
            "destination_cidr_block": "0.0.0.0/0",
            "destination_ipv6_cidr_block": "",
            "destination_prefix_list_id": "",
            "egress_only_gateway_id": "",
            "gateway_id": "igw-066df445ae80ec62c",
            "id": "r-rtb-0436662e1cee0f0c81080289494",
            "instance_id": "",
            "instance_owner_id": "",
            "local_gateway_id": "",
            "nat_gateway_id": "",
            "network_interface_id": "",
            "origin": "CreateRoute",
            "route_table_id": "rtb-0436662e1cee0f0c8",
            "state": "active",
            "timeouts": null,
            "transit_gateway_id": "",
            "vpc_endpoint_id": "",
            "vpc_peering_connection_id": ""
          },
          "sensitive_attributes": [],
          "private": "eyJlMmJmYjczMC1lY2FhLTExZTYtOGY4OC0zNDM2M2JjN2M0YzAiOnsiY3JlYXRlIjozMDAwMDAwMDAwMDAsImRlbGV0ZSI6MzAwMDAwMDAwMDAwLCJ1cGRhdGUiOjEyMDAwMDAwMDAwMH19",
          "dependencies": [
            "aws_internet_gateway.ig",
            "aws_route_table.public",
            "aws_vpc.main"
          ]
        }
      ]
    },
    {
      "mode": "managed",
      "type": "aws_route_table",
      "name": "public",
      "provider": "provider[\"registry.terraform.io/hashicorp/aws\"]",
      "instances": [
        {
          "schema_version": 0,
          "attributes": {
            "arn": "arn:aws:ec2:us-west-1:724734809705:route-table/rtb-0436662e1cee0f0c8",
            "id": "rtb-0436662e1cee0f0c8",
            "owner_id": "724734809705",
            "propagating_vgws": [],
            "route": [
              {
                "carrier_gateway_id": "",
                "cidr_block": "0.0.0.0/0",
                "destination_prefix_list_id": "",
                "egress_only_gateway_id": "",
                "gateway_id": "igw-066df445ae80ec62c",
                "instance_id": "",
                "ipv6_cidr_block": "",
                "local_gateway_id": "",
                "nat_gateway_id": "",
                "network_interface_id": "",
                "transit_gateway_id": "",
                "vpc_endpoint_id": "",
                "vpc_peering_connection_id": ""
              }
            ],
            "tags": {},
            "tags_all": {},
            "timeouts": null,
            "vpc_id": "vpc-06eaac0de8e4df25f"
          },
          "sensitive_attributes": [],
          "private": "eyJlMmJmYjczMC1lY2FhLTExZTYtOGY4OC0zNDM2M2JjN2M0YzAiOnsiY3JlYXRlIjozMDAwMDAwMDAwMDAsImRlbGV0ZSI6MzAwMDAwMDAwMDAwLCJ1cGRhdGUiOjEyMDAwMDAwMDAwMH19",
          "dependencies": [
            "aws_vpc.main"
          ]
        }
      ]
    },
    {
      "mode": "managed",
      "type": "aws_route_table_association",
      "name": "association",
      "provider": "provider[\"registry.terraform.io/hashicorp/aws\"]",
      "instances": [
        {
          "schema_version": 0,
          "attributes": {
            "gateway_id": "",
            "id": "rtbassoc-0492c597e08f5ddd0",
            "route_table_id": "rtb-0436662e1cee0f0c8",
            "subnet_id": "subnet-0497d5c256111537c"
          },
          "sensitive_attributes": [],
          "private": "bnVsbA==",
          "dependencies": [
            "aws_route_table.public",
            "aws_subnet.public",
            "aws_vpc.main"
          ]
        }
      ]
    },
    {
      "mode": "managed",
      "type": "aws_security_group",
      "name": "web_server_sec",
      "provider": "provider[\"registry.terraform.io/hashicorp/aws\"]",
      "instances": [
        {
          "schema_version": 1,
          "attributes": {
            "arn": "arn:aws:ec2:us-west-1:724734809705:security-group/sg-0aa4610e2a4bac6a4",
            "description": "Managed by Terraform",
            "egress": [
              {
                "cidr_blocks": [
                  "0.0.0.0/0"
                ],
                "description": "",
                "from_port": 0,
                "ipv6_cidr_blocks": [],
                "prefix_list_ids": [],
                "protocol": "-1",
                "security_groups": [],
                "self": false,
                "to_port": 0
              }
            ],
            "id": "sg-0aa4610e2a4bac6a4",
            "ingress": [
              {
                "cidr_blocks": [
                  "0.0.0.0/0"
                ],
                "description": "",
                "from_port": 22,
                "ipv6_cidr_blocks": [],
                "prefix_list_ids": [],
                "protocol": "tcp",
                "security_groups": [],
                "self": false,
                "to_port": 22
              },
              {
                "cidr_blocks": [
                  "0.0.0.0/0"
                ],
                "description": "",
                "from_port": 80,
                "ipv6_cidr_blocks": [],
                "prefix_list_ids": [],
                "protocol": "tcp",
                "security_groups": [],
                "self": false,
                "to_port": 80
              },
              {
                "cidr_blocks": [],
                "description": "",
                "from_port": 80,
                "ipv6_cidr_blocks": [
                  "::/0"
                ],
                "prefix_list_ids": [],
                "protocol": "tcp",
                "security_groups": [],
                "self": false,
                "to_port": 80
              }
            ],
            "name": "web_server_sec",
            "name_prefix": "",
            "owner_id": "724734809705",
            "revoke_rules_on_delete": false,
            "tags": {},
            "tags_all": {},
            "timeouts": null,
            "vpc_id": "vpc-06eaac0de8e4df25f"
          },
          "sensitive_attributes": [],
          "private": "eyJlMmJmYjczMC1lY2FhLTExZTYtOGY4OC0zNDM2M2JjN2M0YzAiOnsiY3JlYXRlIjo2MDAwMDAwMDAwMDAsImRlbGV0ZSI6OTAwMDAwMDAwMDAwfSwic2NoZW1hX3ZlcnNpb24iOiIxIn0=",
          "dependencies": [
            "aws_vpc.main"
          ]
        }
      ]
    },
    {
      "mode": "managed",
      "type": "aws_security_group_rule",
      "name": "http_inbound",
      "provider": "provider[\"registry.terraform.io/hashicorp/aws\"]",
      "instances": [
        {
          "schema_version": 2,
          "attributes": {
            "cidr_blocks": [
              "0.0.0.0/0"
            ],
            "description": "",
            "from_port": 80,
            "id": "sgrule-3740071244",
            "ipv6_cidr_blocks": [
              "::/0"
            ],
            "prefix_list_ids": [],
            "protocol": "tcp",
            "security_group_id": "sg-0aa4610e2a4bac6a4",
            "self": false,
            "source_security_group_id": null,
            "to_port": 80,
            "type": "ingress"
          },
          "sensitive_attributes": [],
          "private": "eyJzY2hlbWFfdmVyc2lvbiI6IjIifQ==",
          "dependencies": [
            "aws_security_group.web_server_sec",
            "aws_vpc.main"
          ]
        }
      ]
    },
    {
      "mode": "managed",
      "type": "aws_security_group_rule",
      "name": "outbound",
      "provider": "provider[\"registry.terraform.io/hashicorp/aws\"]",
      "instances": [
        {
          "schema_version": 2,
          "attributes": {
            "cidr_blocks": [
              "0.0.0.0/0"
            ],
            "description": "",
            "from_port": 0,
            "id": "sgrule-3420719400",
            "ipv6_cidr_blocks": [],
            "prefix_list_ids": [],
            "protocol": "-1",
            "security_group_id": "sg-0aa4610e2a4bac6a4",
            "self": false,
            "source_security_group_id": null,
            "to_port": 0,
            "type": "egress"
          },
          "sensitive_attributes": [],
          "private": "eyJzY2hlbWFfdmVyc2lvbiI6IjIifQ==",
          "dependencies": [
            "aws_security_group.web_server_sec",
            "aws_vpc.main"
          ]
        }
      ]
    },
    {
      "mode": "managed",
      "type": "aws_security_group_rule",
      "name": "ssh_inbound",
      "provider": "provider[\"registry.terraform.io/hashicorp/aws\"]",
      "instances": [
        {
          "schema_version": 2,
          "attributes": {
            "cidr_blocks": [
              "0.0.0.0/0"
            ],
            "description": "",
            "from_port": 22,
            "id": "sgrule-3780290016",
            "ipv6_cidr_blocks": [],
            "prefix_list_ids": [],
            "protocol": "tcp",
            "security_group_id": "sg-0aa4610e2a4bac6a4",
            "self": false,
            "source_security_group_id": null,
            "to_port": 22,
            "type": "ingress"
          },
          "sensitive_attributes": [],
          "private": "eyJzY2hlbWFfdmVyc2lvbiI6IjIifQ==",
          "dependencies": [
            "aws_security_group.web_server_sec",
            "aws_vpc.main"
          ]
        }
      ]
    },
    {
      "mode": "managed",
      "type": "aws_subnet",
      "name": "public",
      "provider": "provider[\"registry.terraform.io/hashicorp/aws\"]",
      "instances": [
        {
          "schema_version": 1,
          "attributes": {
            "arn": "arn:aws:ec2:us-west-1:724734809705:subnet/subnet-0497d5c256111537c",
            "assign_ipv6_address_on_creation": false,
            "availability_zone": "us-west-1a",
            "availability_zone_id": "usw1-az3",
            "cidr_block": "10.0.0.0/24",
            "customer_owned_ipv4_pool": "",
            "enable_dns64": false,
            "enable_resource_name_dns_a_record_on_launch": false,
            "enable_resource_name_dns_aaaa_record_on_launch": false,
            "id": "subnet-0497d5c256111537c",
            "ipv6_cidr_block": "",
            "ipv6_cidr_block_association_id": "",
            "ipv6_native": false,
            "map_customer_owned_ip_on_launch": false,
            "map_public_ip_on_launch": true,
            "outpost_arn": "",
            "owner_id": "724734809705",
            "private_dns_hostname_type_on_launch": "ip-name",
            "tags": {},
            "tags_all": {},
            "timeouts": null,
            "vpc_id": "vpc-06eaac0de8e4df25f"
          },
          "sensitive_attributes": [],
          "private": "eyJlMmJmYjczMC1lY2FhLTExZTYtOGY4OC0zNDM2M2JjN2M0YzAiOnsiY3JlYXRlIjo2MDAwMDAwMDAwMDAsImRlbGV0ZSI6MTIwMDAwMDAwMDAwMH0sInNjaGVtYV92ZXJzaW9uIjoiMSJ9",
          "dependencies": [
            "aws_vpc.main"
          ]
        }
      ]
    },
    {
      "mode": "managed",
      "type": "aws_vpc",
      "name": "main",
      "provider": "provider[\"registry.terraform.io/hashicorp/aws\"]",
      "instances": [
        {
          "schema_version": 1,
          "attributes": {
            "arn": "arn:aws:ec2:us-west-1:724734809705:vpc/vpc-06eaac0de8e4df25f",
            "assign_generated_ipv6_cidr_block": false,
            "cidr_block": "10.0.0.0/24",
            "default_network_acl_id": "acl-04b00e6b1332a28b5",
            "default_route_table_id": "rtb-07afde6fdf053e67c",
            "default_security_group_id": "sg-025bae4570e62b379",
            "dhcp_options_id": "dopt-091932457421b303d",
            "enable_classiclink": false,
            "enable_classiclink_dns_support": false,
            "enable_dns_hostnames": true,
            "enable_dns_support": true,
            "id": "vpc-06eaac0de8e4df25f",
            "instance_tenancy": "default",
            "ipv4_ipam_pool_id": null,
            "ipv4_netmask_length": null,
            "ipv6_association_id": "",
            "ipv6_cidr_block": "",
            "ipv6_cidr_block_network_border_group": "",
            "ipv6_ipam_pool_id": "",
            "ipv6_netmask_length": 0,
            "main_route_table_id": "rtb-07afde6fdf053e67c",
            "owner_id": "724734809705",
            "tags": {
              "Name": "test"
            },
            "tags_all": {
              "Name": "test"
            }
          },
          "sensitive_attributes": [],
          "private": "eyJzY2hlbWFfdmVyc2lvbiI6IjEifQ=="
        }
      ]
    },
    {
      "mode": "managed",
      "type": "local_file",
      "name": "private_key",
      "provider": "provider[\"registry.terraform.io/hashicorp/local\"]",
      "instances": [
        {
          "schema_version": 0,
          "attributes": {
            "content": null,
            "content_base64": null,
            "directory_permission": "0777",
            "file_permission": "0400",
            "filename": "ssh-key.pem",
            "id": "9e9dcd4ac9abb345f23d68bf6f476f7c478d0c88",
            "sensitive_content": "-----BEGIN RSA PRIVATE KEY-----\nMIIEpgIBAAKCAQEAtDnmKfiNustV7PO3OWe0GYMGCEzAdlgQpwgs7DEH2bOEIjkX\nu9DCY1tte7kIkYpOZyxm28yD4cb05kms1adUuVMI2X9Dt1+aukhDpajvj1p8gGSq\n9ewtNJcYxqJgBKkBHOoy9UkqozO48Aj0eFrdz4Imo3jgWrC96Omn+GOmT0Ki4AR3\nDIKDTgCMqnA5RxZY+9G9DvZUMt8YkKClU5rKEXlbVZ9kFhJ95jq+riKpIan9yN3o\nYlxk5gHiR7+/8gWKLCJE96+pMmrVCxii5JOMvxtKggz0KBZ7Fv6X1vBgcUYuAgLn\nZW8GGZ3p0/7BOP7JGbXoQRO4qOHHR5Cm6/L3BwIDAQABAoIBAQCANcg1B2rb/Zbs\n8BviLJIErB74fJFWHyQJj1lV1TN+faR8LB1kMQh4YiwqneEomDlaUE4EAyO21DCY\nOsVHYLh29kkPYOetZcfOyWXGTb3OP1Lei77LH+6wwOSROiYQaqIuDbWepSQ94aeo\nqtYvYIT2/+G43V7NZXpUXRRvMYS4UL+Vzm9tTcDiajARP8iTHHfTn2uZ8UmgJrg0\nfVom18/15ablzSIkTRykjfU4PoVhWgRx6vl8m+Pal7s/3gBEbewxQL6ScTcZVPH4\ny8arMoWuu45oVSNNR2ihA60l9gloXkPRT1lk3L/eLFD0Kxd4pMv79r/NEThiawHH\nqMARPOBRAoGBANwYMTK/s7uJjbt3KCM15WuKB2rsf3/phqrLzlD7tVub49FHns3W\nyQfJkjS+k6WXwzz04FA5EdP09MdWNtKJEhoroTWvO6X7+COoD0zrNIEy0b2nL1CU\naKbgIzAJr/yphvUbFD/hmTDjzGmjRUkNm2fZSETrtU/WhzK8dzvhVBkDAoGBANGg\nr33pqANX7hkJSZd5MgJz03vp1h81WG1EnCFMV+nuTLxScQrS2CqfuXllV2RxquRM\n0/yxN9m0jdB/xu5A0maB0oOCZSJxO+4H0mVozGjPi32RlfY8UyP+6dLpHf9voTJW\nU55Sam+7ZtO0j/tLmMVIMEARl/gEZuEBxzhFpLCtAoGBANLt/Hh+cGnSshpvX/Ae\nvvgJGILIlIip7X3SRLAoCu74v6TZ1r++kHr+GzihTC7u+xV4OWGo0AUqRUyku3Wa\nF9cs6RriDXBNwsmpTsCQyYjog0oW56l6EbGcLRzkq9yhO827XfS66G2KY2T6LHSO\nrdkgy7oBi4owNvHQ3RRuJoKxAoGBAISPa0phTnjGyu8UG3BpGIHKguryBRB5KHD4\nmQ7JezKYGfhg3dEtYbsahCxLNId1Bc8W8lryKlJGRgOaOc8COMrPv7Kf65prJq2w\nTpEIQ3LoA9qlDMLIhP7XPT+9YNXd3n65bmlIzrvXMwAfR4lu1a2zp6dsOMCC8BfL\nixJ/n9SFAoGBAM7z4KcLtCk/fYPtJznEuRfcX9gxJMCvY9TGA+v2TVhQuVQ389fP\nQUoS5XAOcQUP2tuyZMEXlmfKO/Xkti23eboOvq/2+JfbNeRxBYztZ5a2twYooZQq\n3Xepu971donncY2QxouY+NzgIxTXoEwEpole1lUv6bvdpe6bsKmSRlNP\n-----END RSA PRIVATE KEY-----\n",
            "source": null
          },
          "sensitive_attributes": [
            [
              {
                "type": "get_attr",
                "value": "sensitive_content"
              }
            ]
          ],
          "private": "bnVsbA==",
          "dependencies": [
            "tls_private_key.key"
          ]
        }
      ]
    },
    {
      "mode": "managed",
      "type": "tls_private_key",
      "name": "key",
      "provider": "provider[\"registry.terraform.io/hashicorp/tls\"]",
      "instances": [
        {
          "schema_version": 0,
          "attributes": {
            "algorithm": "RSA",
            "ecdsa_curve": "P224",
            "id": "d359cbe853e8384ec58059f5328eb87d507be69a",
            "private_key_pem": "-----BEGIN RSA PRIVATE KEY-----\nMIIEpgIBAAKCAQEAtDnmKfiNustV7PO3OWe0GYMGCEzAdlgQpwgs7DEH2bOEIjkX\nu9DCY1tte7kIkYpOZyxm28yD4cb05kms1adUuVMI2X9Dt1+aukhDpajvj1p8gGSq\n9ewtNJcYxqJgBKkBHOoy9UkqozO48Aj0eFrdz4Imo3jgWrC96Omn+GOmT0Ki4AR3\nDIKDTgCMqnA5RxZY+9G9DvZUMt8YkKClU5rKEXlbVZ9kFhJ95jq+riKpIan9yN3o\nYlxk5gHiR7+/8gWKLCJE96+pMmrVCxii5JOMvxtKggz0KBZ7Fv6X1vBgcUYuAgLn\nZW8GGZ3p0/7BOP7JGbXoQRO4qOHHR5Cm6/L3BwIDAQABAoIBAQCANcg1B2rb/Zbs\n8BviLJIErB74fJFWHyQJj1lV1TN+faR8LB1kMQh4YiwqneEomDlaUE4EAyO21DCY\nOsVHYLh29kkPYOetZcfOyWXGTb3OP1Lei77LH+6wwOSROiYQaqIuDbWepSQ94aeo\nqtYvYIT2/+G43V7NZXpUXRRvMYS4UL+Vzm9tTcDiajARP8iTHHfTn2uZ8UmgJrg0\nfVom18/15ablzSIkTRykjfU4PoVhWgRx6vl8m+Pal7s/3gBEbewxQL6ScTcZVPH4\ny8arMoWuu45oVSNNR2ihA60l9gloXkPRT1lk3L/eLFD0Kxd4pMv79r/NEThiawHH\nqMARPOBRAoGBANwYMTK/s7uJjbt3KCM15WuKB2rsf3/phqrLzlD7tVub49FHns3W\nyQfJkjS+k6WXwzz04FA5EdP09MdWNtKJEhoroTWvO6X7+COoD0zrNIEy0b2nL1CU\naKbgIzAJr/yphvUbFD/hmTDjzGmjRUkNm2fZSETrtU/WhzK8dzvhVBkDAoGBANGg\nr33pqANX7hkJSZd5MgJz03vp1h81WG1EnCFMV+nuTLxScQrS2CqfuXllV2RxquRM\n0/yxN9m0jdB/xu5A0maB0oOCZSJxO+4H0mVozGjPi32RlfY8UyP+6dLpHf9voTJW\nU55Sam+7ZtO0j/tLmMVIMEARl/gEZuEBxzhFpLCtAoGBANLt/Hh+cGnSshpvX/Ae\nvvgJGILIlIip7X3SRLAoCu74v6TZ1r++kHr+GzihTC7u+xV4OWGo0AUqRUyku3Wa\nF9cs6RriDXBNwsmpTsCQyYjog0oW56l6EbGcLRzkq9yhO827XfS66G2KY2T6LHSO\nrdkgy7oBi4owNvHQ3RRuJoKxAoGBAISPa0phTnjGyu8UG3BpGIHKguryBRB5KHD4\nmQ7JezKYGfhg3dEtYbsahCxLNId1Bc8W8lryKlJGRgOaOc8COMrPv7Kf65prJq2w\nTpEIQ3LoA9qlDMLIhP7XPT+9YNXd3n65bmlIzrvXMwAfR4lu1a2zp6dsOMCC8BfL\nixJ/n9SFAoGBAM7z4KcLtCk/fYPtJznEuRfcX9gxJMCvY9TGA+v2TVhQuVQ389fP\nQUoS5XAOcQUP2tuyZMEXlmfKO/Xkti23eboOvq/2+JfbNeRxBYztZ5a2twYooZQq\n3Xepu971donncY2QxouY+NzgIxTXoEwEpole1lUv6bvdpe6bsKmSRlNP\n-----END RSA PRIVATE KEY-----\n",
            "public_key_fingerprint_md5": "94:19:3b:45:dd:c3:a4:5d:b0:ff:4c:0d:86:1e:8b:20",
            "public_key_openssh": "ssh-rsa AAAAB3NzaC1yc2EAAAADAQABAAABAQC0OeYp+I26y1Xs87c5Z7QZgwYITMB2WBCnCCzsMQfZs4QiORe70MJjW217uQiRik5nLGbbzIPhxvTmSazVp1S5UwjZf0O3X5q6SEOlqO+PWnyAZKr17C00lxjGomAEqQEc6jL1SSqjM7jwCPR4Wt3PgiajeOBasL3o6af4Y6ZPQqLgBHcMgoNOAIyqcDlHFlj70b0O9lQy3xiQoKVTmsoReVtVn2QWEn3mOr6uIqkhqf3I3ehiXGTmAeJHv7/yBYosIkT3r6kyatULGKLkk4y/G0qCDPQoFnsW/pfW8GBxRi4CAudlbwYZnenT/sE4/skZtehBE7io4cdHkKbr8vcH\n",
            "public_key_pem": "-----BEGIN PUBLIC KEY-----\nMIIBIjANBgkqhkiG9w0BAQEFAAOCAQ8AMIIBCgKCAQEAtDnmKfiNustV7PO3OWe0\nGYMGCEzAdlgQpwgs7DEH2bOEIjkXu9DCY1tte7kIkYpOZyxm28yD4cb05kms1adU\nuVMI2X9Dt1+aukhDpajvj1p8gGSq9ewtNJcYxqJgBKkBHOoy9UkqozO48Aj0eFrd\nz4Imo3jgWrC96Omn+GOmT0Ki4AR3DIKDTgCMqnA5RxZY+9G9DvZUMt8YkKClU5rK\nEXlbVZ9kFhJ95jq+riKpIan9yN3oYlxk5gHiR7+/8gWKLCJE96+pMmrVCxii5JOM\nvxtKggz0KBZ7Fv6X1vBgcUYuAgLnZW8GGZ3p0/7BOP7JGbXoQRO4qOHHR5Cm6/L3\nBwIDAQAB\n-----END PUBLIC KEY-----\n",
            "rsa_bits": 2048
          },
          "sensitive_attributes": [],
          "private": "bnVsbA=="
        }
      ]
    }
  ]
}
